<?xml version="1.0" encoding="utf-8"?>
<Project ToolsVersion="4.0" xmlns="http://schemas.microsoft.com/developer/msbuild/2003">
  <ItemGroup>
    <Filter Include="Source Files">
      <UniqueIdentifier>{335236cf-1415-409d-bd89-776c8b996ae3}</UniqueIdentifier>
      <Extensions>cpp;c;cxx;def;odl;idl;hpj;bat;asm</Extensions>
    </Filter>
    <Filter Include="Header Files">
      <UniqueIdentifier>{592aaac8-5009-4ba8-91e4-b55cfd363436}</UniqueIdentifier>
      <Extensions>h;hpp;hxx;hm;inl;inc</Extensions>
    </Filter>
    <Filter Include="Resource Files">
      <UniqueIdentifier>{3e6f6dd4-4f04-44d4-bbe3-ddc91657395f}</UniqueIdentifier>
      <Extensions>rc;ico;cur;bmp;dlg;rc2;rct;bin;rgs;jpg;jpeg;jpe;manifest</Extensions>
    </Filter>
    <Filter Include="HTML Help Files">
      <UniqueIdentifier>{28d84ef0-ede4-46ea-a808-adfdcbb968d7}</UniqueIdentifier>
      <Extensions>hhp;hhc;hhk;gif;jpg</Extensions>
    </Filter>
    <Filter Include="HTML Help Topics">
      <UniqueIdentifier>{515e39de-83aa-424d-9759-ef07515f3053}</UniqueIdentifier>
      <Extensions>htm;html</Extensions>
    </Filter>
    <Filter Include="GUI">
      <UniqueIdentifier>{e542489a-0296-4e66-ba6d-acb15d0d24d8}</UniqueIdentifier>
    </Filter>
    <Filter Include="Mixer">
      <UniqueIdentifier>{dcb2fbf0-4809-4872-b7a3-f6f9d1f98200}</UniqueIdentifier>
    </Filter>
    <Filter Include="Player">
      <UniqueIdentifier>{1c0e6ae0-d41b-4b7a-822f-a30bf772fa13}</UniqueIdentifier>
    </Filter>
  </ItemGroup>
  <ItemGroup>
    <ClCompile Include="fdms2reader.cpp">
      <Filter>Source Files</Filter>
    </ClCompile>
    <ClCompile Include="fdms2view_app.cpp">
      <Filter>Source Files</Filter>
    </ClCompile>
    <ClCompile Include="fdms2view_doc.cpp">
      <Filter>Source Files</Filter>
    </ClCompile>
    <ClCompile Include="fdms2view_view.cpp">
      <Filter>Source Files</Filter>
    </ClCompile>
    <ClCompile Include="FileListCubaseXML.cpp">
      <Filter>Source Files</Filter>
    </ClCompile>
    <ClCompile Include="PeekCache.cpp">
      <Filter>Source Files</Filter>
    </ClCompile>
    <ClCompile Include="stdafx.cpp">
      <Filter>Source Files</Filter>
    </ClCompile>
    <ClCompile Include="Area.cpp">
      <Filter>GUI</Filter>
    </ClCompile>
    <ClCompile Include="ChildFrm.cpp">
      <Filter>GUI</Filter>
    </ClCompile>
    <ClCompile Include="DAudioDeviceSetup.cpp">
      <Filter>GUI</Filter>
    </ClCompile>
    <ClCompile Include="DExport.cpp">
      <Filter>GUI</Filter>
    </ClCompile>
    <ClCompile Include="DFdmsProp.cpp">
      <Filter>GUI</Filter>
    </ClCompile>
    <ClCompile Include="DFrag.cpp">
      <Filter>GUI</Filter>
    </ClCompile>
    <ClCompile Include="DMetr.cpp">
      <Filter>GUI</Filter>
    </ClCompile>
    <ClCompile Include="DMix1.cpp">
      <Filter>GUI</Filter>
    </ClCompile>
    <ClCompile Include="MainFrm.cpp">
      <Filter>GUI</Filter>
    </ClCompile>
    <ClCompile Include="MapArea.cpp">
      <Filter>GUI</Filter>
    </ClCompile>
    <ClCompile Include="WaveArea.cpp">
      <Filter>GUI</Filter>
    </ClCompile>
    <ClCompile Include="LineStrip.cpp">
      <Filter>Mixer</Filter>
    </ClCompile>
    <ClCompile Include="Mixer.cpp">
      <Filter>Mixer</Filter>
    </ClCompile>
    <ClCompile Include="Player.cpp">
      <Filter>Player</Filter>
    </ClCompile>
  </ItemGroup>
  <ItemGroup>
    <ClInclude Include="fdms2reader.h">
      <Filter>Header Files</Filter>
    </ClInclude>
    <ClInclude Include="fdms2view_app.h">
      <Filter>Header Files</Filter>
    </ClInclude>
    <ClInclude Include="fdms2view_doc.h">
      <Filter>Header Files</Filter>
    </ClInclude>
    <ClInclude Include="fdms2view_view.h">
      <Filter>Header Files</Filter>
    </ClInclude>
    <ClInclude Include="FileListCubaseXML.h">
      <Filter>Header Files</Filter>
    </ClInclude>
    <ClInclude Include="hlp\HTMLDefines.h">
      <Filter>Header Files</Filter>
    </ClInclude>
    <ClInclude Include="IViewTimeline.h">
      <Filter>Header Files</Filter>
    </ClInclude>
    <ClInclude Include="PeekCache.h">
      <Filter>Header Files</Filter>
    </ClInclude>
    <ClInclude Include="stdafx.h">
      <Filter>Header Files</Filter>
    </ClInclude>
    <ClInclude Include="Area.h">
      <Filter>GUI</Filter>
    </ClInclude>
    <ClInclude Include="ChildFrm.h">
      <Filter>GUI</Filter>
    </ClInclude>
    <ClInclude Include="DAudioDeviceSetup.h">
      <Filter>GUI</Filter>
    </ClInclude>
    <ClInclude Include="DExport.h">
      <Filter>GUI</Filter>
    </ClInclude>
    <ClInclude Include="DFdmsProp.h">
      <Filter>GUI</Filter>
    </ClInclude>
    <ClInclude Include="DFrag.h">
      <Filter>GUI</Filter>
    </ClInclude>
    <ClInclude Include="DMetr.h">
      <Filter>GUI</Filter>
    </ClInclude>
    <ClInclude Include="DMix1.h">
      <Filter>GUI</Filter>
    </ClInclude>
    <ClInclude Include="MainFrm.h">
      <Filter>GUI</Filter>
    </ClInclude>
    <ClInclude Include="MapArea.h">
      <Filter>GUI</Filter>
    </ClInclude>
    <ClInclude Include="WaveArea.h">
      <Filter>GUI</Filter>
    </ClInclude>
    <ClInclude Include="LineStrip.h">
      <Filter>Mixer</Filter>
    </ClInclude>
    <ClInclude Include="Mixer.h">
      <Filter>Mixer</Filter>
    </ClInclude>
    <ClInclude Include="VUMeters.h">
      <Filter>Mixer</Filter>
    </ClInclude>
    <ClInclude Include="Player.h">
      <Filter>Player</Filter>
    </ClInclude>
  </ItemGroup>
  <ItemGroup>
    <Image Include="res\fdms2view.ico">
      <Filter>Resource Files</Filter>
    </Image>
    <Image Include="res\fdms2view_doc.ico">
      <Filter>Resource Files</Filter>
    </Image>
    <Image Include="res\fdms2viewDoc.ico">
      <Filter>Resource Files</Filter>
    </Image>
    <Image Include="res\Toolbar.bmp">
      <Filter>Resource Files</Filter>
    </Image>
    <Image Include="res\toolbar1.bmp">
      <Filter>Resource Files</Filter>
    </Image>
    <Image Include="hlp\Images\Bullet.gif">
      <Filter>HTML Help Files</Filter>
    </Image>
  </ItemGroup>
  <ItemGroup>
    <ResourceCompile Include="fdms2view.rc">
      <Filter>Resource Files</Filter>
    </ResourceCompile>
  </ItemGroup>
  <ItemGroup>
    <None Include="res\fdms2view.rc2">
      <Filter>Resource Files</Filter>
    </None>
    <None Include="fdms2view.reg">
      <Filter>Resource Files</Filter>
    </None>
    <None Include="hlp\fdms2view.hhc">
      <Filter>HTML Help Files</Filter>
    </None>
    <None Include="hlp\fdms2view.hhk">
      <Filter>HTML Help Files</Filter>
    </None>
    <None Include="hlp\afx_hidd_color.htm">
      <Filter>HTML Help Topics</Filter>
    </None>
    <None Include="hlp\afx_hidd_fileopen.htm">
      <Filter>HTML Help Topics</Filter>
    </None>
    <None Include="hlp\afx_hidd_filesave.htm">
      <Filter>HTML Help Topics</Filter>
    </None>
    <None Include="hlp\afx_hidd_find.htm">
      <Filter>HTML Help Topics</Filter>
    </None>
    <None Include="hlp\afx_hidd_font.htm">
      <Filter>HTML Help Topics</Filter>
    </None>
    <None Include="hlp\afx_hidd_newtypedlg.htm">
      <Filter>HTML Help Topics</Filter>
    </None>
    <None Include="hlp\afx_hidd_replace.htm">
      <Filter>HTML Help Topics</Filter>
    </None>
    <None Include="hlp\afx_hidp_default.htm">
      <Filter>HTML Help Topics</Filter>
    </None>
    <None Include="hlp\afx_hidw_dockbar_top.htm">
      <Filter>HTML Help Topics</Filter>
    </None>
    <None Include="hlp\afx_hidw_status_bar.htm">
      <Filter>HTML Help Topics</Filter>
    </None>
    <None Include="hlp\afx_hidw_toolbar.htm">
      <Filter>HTML Help Topics</Filter>
    </None>
    <None Include="hlp\hid_app_about.htm">
      <Filter>HTML Help Topics</Filter>
    </None>
    <None Include="hlp\hid_app_exit.htm">
      <Filter>HTML Help Topics</Filter>
    </None>
    <None Include="hlp\hid_context_help.htm">
      <Filter>HTML Help Topics</Filter>
    </None>
    <None Include="hlp\hid_edit_clear.htm">
      <Filter>HTML Help Topics</Filter>
    </None>
    <None Include="hlp\hid_edit_clear_all.htm">
      <Filter>HTML Help Topics</Filter>
    </None>
    <None Include="hlp\hid_edit_copy.htm">
      <Filter>HTML Help Topics</Filter>
    </None>
    <None Include="hlp\hid_edit_cut.htm">
      <Filter>HTML Help Topics</Filter>
    </None>
    <None Include="hlp\hid_edit_find.htm">
      <Filter>HTML Help Topics</Filter>
    </None>
    <None Include="hlp\hid_edit_paste.htm">
      <Filter>HTML Help Topics</Filter>
    </None>
    <None Include="hlp\hid_edit_play.htm">
      <Filter>HTML Help Topics</Filter>
    </None>
    <None Include="hlp\hid_edit_redo.htm">
      <Filter>HTML Help Topics</Filter>
    </None>
    <None Include="hlp\hid_edit_repeat.htm">
      <Filter>HTML Help Topics</Filter>
    </None>
    <None Include="hlp\hid_edit_replace.htm">
      <Filter>HTML Help Topics</Filter>
    </None>
    <None Include="hlp\hid_edit_stop.htm">
      <Filter>HTML Help Topics</Filter>
    </None>
    <None Include="hlp\hid_edit_undo.htm">
      <Filter>HTML Help Topics</Filter>
    </None>
    <None Include="hlp\hid_file_close.htm">
      <Filter>HTML Help Topics</Filter>
    </None>
    <None Include="hlp\hid_file_mru_file1.htm">
      <Filter>HTML Help Topics</Filter>
    </None>
    <None Include="hlp\hid_file_new.htm">
      <Filter>HTML Help Topics</Filter>
    </None>
    <None Include="hlp\hid_file_open.htm">
      <Filter>HTML Help Topics</Filter>
    </None>
    <None Include="hlp\hid_file_save.htm">
      <Filter>HTML Help Topics</Filter>
    </None>
    <None Include="hlp\hid_file_save_as.htm">
      <Filter>HTML Help Topics</Filter>
    </None>
    <None Include="hlp\hid_file_send_mail.htm">
      <Filter>HTML Help Topics</Filter>
    </None>
    <None Include="hlp\hid_help_index.htm">
      <Filter>HTML Help Topics</Filter>
    </None>
    <None Include="hlp\hid_help_using.htm">
      <Filter>HTML Help Topics</Filter>
    </None>
    <None Include="hlp\hid_ht_caption.htm">
      <Filter>HTML Help Topics</Filter>
    </None>
    <None Include="hlp\hid_ht_nowhere.htm">
      <Filter>HTML Help Topics</Filter>
    </None>
    <None Include="hlp\hid_next_pane.htm">
      <Filter>HTML Help Topics</Filter>
    </None>
    <None Include="hlp\hid_prev_pane.htm">
      <Filter>HTML Help Topics</Filter>
    </None>
    <None Include="hlp\hid_sc_close.htm">
      <Filter>HTML Help Topics</Filter>
    </None>
    <None Include="hlp\hid_sc_maximize.htm">
      <Filter>HTML Help Topics</Filter>
    </None>
    <None Include="hlp\hid_sc_minimize.htm">
      <Filter>HTML Help Topics</Filter>
    </None>
    <None Include="hlp\hid_sc_move.htm">
      <Filter>HTML Help Topics</Filter>
    </None>
    <None Include="hlp\hid_sc_nextwindow.htm">
      <Filter>HTML Help Topics</Filter>
    </None>
    <None Include="hlp\hid_sc_prevwindow.htm">
      <Filter>HTML Help Topics</Filter>
    </None>
    <None Include="hlp\hid_sc_restore.htm">
      <Filter>HTML Help Topics</Filter>
    </None>
    <None Include="hlp\hid_sc_size.htm">
      <Filter>HTML Help Topics</Filter>
    </None>
    <None Include="hlp\hid_sc_tasklist.htm">
      <Filter>HTML Help Topics</Filter>
    </None>
    <None Include="hlp\hid_view_ruler.htm">
      <Filter>HTML Help Topics</Filter>
    </None>
    <None Include="hlp\hid_view_status_bar.htm">
      <Filter>HTML Help Topics</Filter>
    </None>
    <None Include="hlp\hid_view_toolbar.htm">
      <Filter>HTML Help Topics</Filter>
    </None>
    <None Include="hlp\hid_window_all.htm">
      <Filter>HTML Help Topics</Filter>
    </None>
    <None Include="hlp\hid_window_arrange.htm">
      <Filter>HTML Help Topics</Filter>
    </None>
    <None Include="hlp\hid_window_cascade.htm">
      <Filter>HTML Help Topics</Filter>
    </None>
    <None Include="hlp\hid_window_new.htm">
      <Filter>HTML Help Topics</Filter>
    </None>
    <None Include="hlp\hid_window_split.htm">
      <Filter>HTML Help Topics</Filter>
    </None>
    <None Include="hlp\hid_window_tile.htm">
      <Filter>HTML Help Topics</Filter>
    </None>
    <None Include="hlp\hid_window_tile_horz.htm">
      <Filter>HTML Help Topics</Filter>
    </None>
    <None Include="hlp\hid_window_tile_vert.htm">
      <Filter>HTML Help Topics</Filter>
    </None>
    <None Include="hlp\hidr_doc1type.htm">
      <Filter>HTML Help Topics</Filter>
    </None>
    <None Include="hlp\main_index.htm">
      <Filter>HTML Help Topics</Filter>
    </None>
    <None Include="hlp\menu_edit.htm">
      <Filter>HTML Help Topics</Filter>
    </None>
    <None Include="hlp\menu_file.htm">
      <Filter>HTML Help Topics</Filter>
    </None>
    <None Include="hlp\menu_help.htm">
      <Filter>HTML Help Topics</Filter>
    </None>
    <None Include="hlp\menu_view.htm">
      <Filter>HTML Help Topics</Filter>
    </None>
    <None Include="hlp\menu_window.htm">
      <Filter>HTML Help Topics</Filter>
    </None>
    <None Include="hlp\scrollbars.htm">
      <Filter>HTML Help Topics</Filter>
    </None>
  </ItemGroup>
  <ItemGroup>
    <Text Include="ReadMe.txt" />
  </ItemGroup>
  <ItemGroup>
    <CustomBuild Include="Resource.h">
      <Filter>Header Files</Filter>
    </CustomBuild>
    <CustomBuild Include="hlp\fdms2view.hhp">
      <Filter>HTML Help Files</Filter>
    </CustomBuild>
  </ItemGroup>
</Project>